
Microsoft Visual Studio Solution File, Format Version 12.00
# Visual Studio Version 17
VisualStudioVersion = 17.12.35527.113 d17.12
MinimumVisualStudioVersion = 10.0.40219.1
Project("{FAE04EC0-301F-11D3-BF4B-00C04F79EFBC}") = "WinFormTester", "WinFormTester\WinFormTester.csproj", "{292AA0FA-BD7A-4C8C-9EF3-D5BFB4D3D1DD}"
EndProject
Project("{FAE04EC0-301F-11D3-BF4B-00C04F79EFBC}") = "TesterProyect", "TesterProyect\TesterProyect.csproj", "{CAC36575-9BB7-492D-813C-0BDF369E1228}"
EndProject
Project("{FAE04EC0-301F-11D3-BF4B-00C04F79EFBC}") = "TestPro", "TestPro\TestPro.csproj", "{0E9808C8-729B-4130-92B2-EE22B5F8DC77}"
EndProject
Global
	GlobalSection(SolutionConfigurationPlatforms) = preSolution
		Debug|Any CPU = Debug|Any CPU
		Release|Any CPU = Release|Any CPU
	EndGlobalSection
	GlobalSection(ProjectConfigurationPlatforms) = postSolution
		{292AA0FA-BD7A-4C8C-9EF3-D5BFB4D3D1DD}.Debug|Any CPU.ActiveCfg = Debug|Any CPU
		{292AA0FA-BD7A-4C8C-9EF3-D5BFB4D3D1DD}.Debug|Any CPU.Build.0 = Debug|Any CPU
		{292AA0FA-BD7A-4C8C-9EF3-D5BFB4D3D1DD}.Release|Any CPU.ActiveCfg = Release|Any CPU
		{292AA0FA-BD7A-4C8C-9EF3-D5BFB4D3D1DD}.Release|Any CPU.Build.0 = Release|Any CPU
		{CAC36575-9BB7-492D-813C-0BDF369E1228}.Debug|Any CPU.ActiveCfg = Debug|Any CPU
		{CAC36575-9BB7-492D-813C-0BDF369E1228}.Debug|Any CPU.Build.0 = Debug|Any CPU
		{CAC36575-9BB7-492D-813C-0BDF369E1228}.Release|Any CPU.ActiveCfg = Release|Any CPU
		{CAC36575-9BB7-492D-813C-0BDF369E1228}.Release|Any CPU.Build.0 = Release|Any CPU
		{0E9808C8-729B-4130-92B2-EE22B5F8DC77}.Debug|Any CPU.ActiveCfg = Debug|Any CPU
		{0E9808C8-729B-4130-92B2-EE22B5F8DC77}.Debug|Any CPU.Build.0 = Debug|Any CPU
		{0E9808C8-729B-4130-92B2-EE22B5F8DC77}.Release|Any CPU.ActiveCfg = Release|Any CPU
		{0E9808C8-729B-4130-92B2-EE22B5F8DC77}.Release|Any CPU.Build.0 = Release|Any CPU
	EndGlobalSection
	GlobalSection(SolutionProperties) = preSolution
		HideSolutionNode = FALSE
	EndGlobalSection
EndGlobal
